// !$*UTF8*$!
{
	archiveVersion = 1;
	classes = {
	};
	objectVersion = 56;
	objects = {

/* Begin PBXBuildFile section */
		D55BB4B62922035C002D379A /* KivyDemoApp.swift in Sources */ = {isa = PBXBuildFile; fileRef = D55BB4B52922035C002D379A /* KivyDemoApp.swift */; };
		D55BB4B82922035C002D379A /* ContentView.swift in Sources */ = {isa = PBXBuildFile; fileRef = D55BB4B72922035C002D379A /* ContentView.swift */; };
		D55BB4C72922035D002D379A /* KivyDemoTests.swift in Sources */ = {isa = PBXBuildFile; fileRef = D55BB4C62922035D002D379A /* KivyDemoTests.swift */; };
		D55BB4D12922035D002D379A /* KivyDemoUITests.swift in Sources */ = {isa = PBXBuildFile; fileRef = D55BB4D02922035D002D379A /* KivyDemoUITests.swift */; };
		D55BB4D32922035D002D379A /* KivyDemoUITestsLaunchTests.swift in Sources */ = {isa = PBXBuildFile; fileRef = D55BB4D22922035D002D379A /* KivyDemoUITestsLaunchTests.swift */; };
		D55BCBAC2922132E002D379A /* PythonManager.m in Sources */ = {isa = PBXBuildFile; fileRef = D55BCBAB2922132E002D379A /* PythonManager.m */; };
		D55BD153292220E9002D379A /* libpython3.a in Frameworks */ = {isa = PBXBuildFile; fileRef = D55BD148292220E8002D379A /* libpython3.a */; };
		D55BD154292220E9002D379A /* libios.a in Frameworks */ = {isa = PBXBuildFile; fileRef = D55BD149292220E8002D379A /* libios.a */; };
		D55BD155292220E9002D379A /* libssl.a in Frameworks */ = {isa = PBXBuildFile; fileRef = D55BD14A292220E8002D379A /* libssl.a */; };
		D55BD156292220E9002D379A /* libffi.a in Frameworks */ = {isa = PBXBuildFile; fileRef = D55BD14B292220E8002D379A /* libffi.a */; };
		D55BD157292220E9002D379A /* libsdl2_image.a in Frameworks */ = {isa = PBXBuildFile; fileRef = D55BD14C292220E8002D379A /* libsdl2_image.a */; };
		D55BD158292220E9002D379A /* libsdl2.a in Frameworks */ = {isa = PBXBuildFile; fileRef = D55BD14D292220E8002D379A /* libsdl2.a */; };
		D55BD159292220EA002D379A /* libcrypto.a in Frameworks */ = {isa = PBXBuildFile; fileRef = D55BD14E292220E9002D379A /* libcrypto.a */; };
		D55BD15A292220EA002D379A /* libsdl2_mixer.a in Frameworks */ = {isa = PBXBuildFile; fileRef = D55BD14F292220E9002D379A /* libsdl2_mixer.a */; };
		D55BD15B292220EA002D379A /* libkivy.a in Frameworks */ = {isa = PBXBuildFile; fileRef = D55BD150292220E9002D379A /* libkivy.a */; };
		D55BD15C292220EB002D379A /* libpyobjus.a in Frameworks */ = {isa = PBXBuildFile; fileRef = D55BD151292220E9002D379A /* libpyobjus.a */; };
		D55BD15D292220EB002D379A /* libsdl2_ttf.a in Frameworks */ = {isa = PBXBuildFile; fileRef = D55BD152292220E9002D379A /* libsdl2_ttf.a */; };
		D55BD164292222AA002D379A /* libz.tbd in Frameworks */ = {isa = PBXBuildFile; fileRef = D55BD163292222AA002D379A /* libz.tbd */; };
		D55BD166292222C9002D379A /* libbz2.tbd in Frameworks */ = {isa = PBXBuildFile; fileRef = D55BD165292222C9002D379A /* libbz2.tbd */; };
		D55BD64D29223E11002D379A /* include in Resources */ = {isa = PBXBuildFile; fileRef = D55BD64C29223E11002D379A /* include */; };
		D55BD64F29223E1D002D379A /* lib in Resources */ = {isa = PBXBuildFile; fileRef = D55BD64E29223E1D002D379A /* lib */; };
		D55BD65129223F30002D379A /* test.py in Resources */ = {isa = PBXBuildFile; fileRef = D55BD65029223F30002D379A /* test.py */; };
/* End PBXBuildFile section */

/* Begin PBXContainerItemProxy section */
		D55BB4C32922035D002D379A /* PBXContainerItemProxy */ = {
			isa = PBXContainerItemProxy;
			containerPortal = D55BB4AA2922035C002D379A /* Project object */;
			proxyType = 1;
			remoteGlobalIDString = D55BB4B12922035C002D379A;
			remoteInfo = KivyDemo;
		};
		D55BB4CD2922035D002D379A /* PBXContainerItemProxy */ = {
			isa = PBXContainerItemProxy;
			containerPortal = D55BB4AA2922035C002D379A /* Project object */;
			proxyType = 1;
			remoteGlobalIDString = D55BB4B12922035C002D379A;
			remoteInfo = KivyDemo;
		};
/* End PBXContainerItemProxy section */

/* Begin PBXFileReference section */
		D55BB4B22922035C002D379A /* KivyDemo.app */ = {isa = PBXFileReference; explicitFileType = wrapper.application; includeInIndex = 0; path = KivyDemo.app; sourceTree = BUILT_PRODUCTS_DIR; };
		D55BB4B52922035C002D379A /* KivyDemoApp.swift */ = {isa = PBXFileReference; lastKnownFileType = sourcecode.swift; path = KivyDemoApp.swift; sourceTree = "<group>"; };
		D55BB4B72922035C002D379A /* ContentView.swift */ = {isa = PBXFileReference; lastKnownFileType = sourcecode.swift; path = ContentView.swift; sourceTree = "<group>"; };
		D55BB4B92922035D002D379A /* Assets.xcassets */ = {isa = PBXFileReference; lastKnownFileType = folder.assetcatalog; path = Assets.xcassets; sourceTree = "<group>"; };
		D55BB4BC2922035D002D379A /* Preview Assets.xcassets */ = {isa = PBXFileReference; lastKnownFileType = folder.assetcatalog; path = "Preview Assets.xcassets"; sourceTree = "<group>"; };
		D55BB4C22922035D002D379A /* KivyDemoTests.xctest */ = {isa = PBXFileReference; explicitFileType = wrapper.cfbundle; includeInIndex = 0; path = KivyDemoTests.xctest; sourceTree = BUILT_PRODUCTS_DIR; };
		D55BB4C62922035D002D379A /* KivyDemoTests.swift */ = {isa = PBXFileReference; lastKnownFileType = sourcecode.swift; path = KivyDemoTests.swift; sourceTree = "<group>"; };
		D55BB4CC2922035D002D379A /* KivyDemoUITests.xctest */ = {isa = PBXFileReference; explicitFileType = wrapper.cfbundle; includeInIndex = 0; path = KivyDemoUITests.xctest; sourceTree = BUILT_PRODUCTS_DIR; };
		D55BB4D02922035D002D379A /* KivyDemoUITests.swift */ = {isa = PBXFileReference; lastKnownFileType = sourcecode.swift; path = KivyDemoUITests.swift; sourceTree = "<group>"; };
		D55BB4D22922035D002D379A /* KivyDemoUITestsLaunchTests.swift */ = {isa = PBXFileReference; lastKnownFileType = sourcecode.swift; path = KivyDemoUITestsLaunchTests.swift; sourceTree = "<group>"; };
		D55BCBA92922131A002D379A /* PythonManager.h */ = {isa = PBXFileReference; lastKnownFileType = sourcecode.c.h; path = PythonManager.h; sourceTree = "<group>"; };
		D55BCBAA2922132E002D379A /* KivyDemo-Bridging-Header.h */ = {isa = PBXFileReference; lastKnownFileType = sourcecode.c.h; path = "KivyDemo-Bridging-Header.h"; sourceTree = "<group>"; };
		D55BCBAB2922132E002D379A /* PythonManager.m */ = {isa = PBXFileReference; lastKnownFileType = sourcecode.c.objc; path = PythonManager.m; sourceTree = "<group>"; };
		D55BD148292220E8002D379A /* libpython3.a */ = {isa = PBXFileReference; lastKnownFileType = archive.ar; name = libpython3.a; path = dist/lib/libpython3.a; sourceTree = "<group>"; };
		D55BD149292220E8002D379A /* libios.a */ = {isa = PBXFileReference; lastKnownFileType = archive.ar; name = libios.a; path = dist/lib/libios.a; sourceTree = "<group>"; };
		D55BD14A292220E8002D379A /* libssl.a */ = {isa = PBXFileReference; lastKnownFileType = archive.ar; name = libssl.a; path = dist/lib/libssl.a; sourceTree = "<group>"; };
		D55BD14B292220E8002D379A /* libffi.a */ = {isa = PBXFileReference; lastKnownFileType = archive.ar; name = libffi.a; path = dist/lib/libffi.a; sourceTree = "<group>"; };
		D55BD14C292220E8002D379A /* libsdl2_image.a */ = {isa = PBXFileReference; lastKnownFileType = archive.ar; name = libsdl2_image.a; path = dist/lib/libsdl2_image.a; sourceTree = "<group>"; };
		D55BD14D292220E8002D379A /* libsdl2.a */ = {isa = PBXFileReference; lastKnownFileType = archive.ar; name = libsdl2.a; path = dist/lib/libsdl2.a; sourceTree = "<group>"; };
		D55BD14E292220E9002D379A /* libcrypto.a */ = {isa = PBXFileReference; lastKnownFileType = archive.ar; name = libcrypto.a; path = dist/lib/libcrypto.a; sourceTree = "<group>"; };
		D55BD14F292220E9002D379A /* libsdl2_mixer.a */ = {isa = PBXFileReference; lastKnownFileType = archive.ar; name = libsdl2_mixer.a; path = dist/lib/libsdl2_mixer.a; sourceTree = "<group>"; };
		D55BD150292220E9002D379A /* libkivy.a */ = {isa = PBXFileReference; lastKnownFileType = archive.ar; name = libkivy.a; path = dist/lib/libkivy.a; sourceTree = "<group>"; };
		D55BD151292220E9002D379A /* libpyobjus.a */ = {isa = PBXFileReference; lastKnownFileType = archive.ar; name = libpyobjus.a; path = dist/lib/libpyobjus.a; sourceTree = "<group>"; };
		D55BD152292220E9002D379A /* libsdl2_ttf.a */ = {isa = PBXFileReference; lastKnownFileType = archive.ar; name = libsdl2_ttf.a; path = dist/lib/libsdl2_ttf.a; sourceTree = "<group>"; };
		D55BD163292222AA002D379A /* libz.tbd */ = {isa = PBXFileReference; lastKnownFileType = "sourcecode.text-based-dylib-definition"; name = libz.tbd; path = usr/lib/libz.tbd; sourceTree = SDKROOT; };
		D55BD165292222C9002D379A /* libbz2.tbd */ = {isa = PBXFileReference; lastKnownFileType = "sourcecode.text-based-dylib-definition"; name = libbz2.tbd; path = usr/lib/libbz2.tbd; sourceTree = SDKROOT; };
		D55BD64C29223E11002D379A /* include */ = {isa = PBXFileReference; lastKnownFileType = folder; name = include; path = dist/root/python3/include; sourceTree = "<group>"; };
		D55BD64E29223E1D002D379A /* lib */ = {isa = PBXFileReference; lastKnownFileType = folder; name = lib; path = dist/root/python3/lib; sourceTree = "<group>"; };
		D55BD65029223F30002D379A /* test.py */ = {isa = PBXFileReference; fileEncoding = 4; lastKnownFileType = text.script.python; path = test.py; sourceTree = "<group>"; };
/* End PBXFileReference section */

/* Begin PBXFrameworksBuildPhase section */
		D55BB4AF2922035C002D379A /* Frameworks */ = {
			isa = PBXFrameworksBuildPhase;
			buildActionMask = 2147483647;
			files = (
				D55BD166292222C9002D379A /* libbz2.tbd in Frameworks */,
				D55BD164292222AA002D379A /* libz.tbd in Frameworks */,
				D55BD153292220E9002D379A /* libpython3.a in Frameworks */,
				D55BD154292220E9002D379A /* libios.a in Frameworks */,
				D55BD155292220E9002D379A /* libssl.a in Frameworks */,
				D55BD156292220E9002D379A /* libffi.a in Frameworks */,
				D55BD157292220E9002D379A /* libsdl2_image.a in Frameworks */,
				D55BD158292220E9002D379A /* libsdl2.a in Frameworks */,
				D55BD159292220EA002D379A /* libcrypto.a in Frameworks */,
				D55BD15A292220EA002D379A /* libsdl2_mixer.a in Frameworks */,
				D55BD15B292220EA002D379A /* libkivy.a in Frameworks */,
				D55BD15C292220EB002D379A /* libpyobjus.a in Frameworks */,
				D55BD15D292220EB002D379A /* libsdl2_ttf.a in Frameworks */,
			);
			runOnlyForDeploymentPostprocessing = 0;
		};
		D55BB4BF2922035D002D379A /* Frameworks */ = {
			isa = PBXFrameworksBuildPhase;
			buildActionMask = 2147483647;
			files = (
			);
			runOnlyForDeploymentPostprocessing = 0;
		};
		D55BB4C92922035D002D379A /* Frameworks */ = {
			isa = PBXFrameworksBuildPhase;
			buildActionMask = 2147483647;
			files = (
			);
			runOnlyForDeploymentPostprocessing = 0;
		};
/* End PBXFrameworksBuildPhase section */

/* Begin PBXGroup section */
		D55BB4A92922035C002D379A = {
			isa = PBXGroup;
			children = (
				D55BB4B42922035C002D379A /* KivyDemo */,
				D55BD64C29223E11002D379A /* include */,
				D55BD64E29223E1D002D379A /* lib */,
				D55BB4C52922035D002D379A /* KivyDemoTests */,
				D55BB4CF2922035D002D379A /* KivyDemoUITests */,
				D55BB4B32922035C002D379A /* Products */,
				D55BBEC929220908002D379A /* Frameworks */,
			);
			sourceTree = "<group>";
		};
		D55BB4B32922035C002D379A /* Products */ = {
			isa = PBXGroup;
			children = (
				D55BB4B22922035C002D379A /* KivyDemo.app */,
				D55BB4C22922035D002D379A /* KivyDemoTests.xctest */,
				D55BB4CC2922035D002D379A /* KivyDemoUITests.xctest */,
			);
			name = Products;
			sourceTree = "<group>";
		};
		D55BB4B42922035C002D379A /* KivyDemo */ = {
			isa = PBXGroup;
			children = (
				D55BB4B52922035C002D379A /* KivyDemoApp.swift */,
				D55BB4B72922035C002D379A /* ContentView.swift */,
				D55BB4B92922035D002D379A /* Assets.xcassets */,
				D55BCBA92922131A002D379A /* PythonManager.h */,
				D55BCBAB2922132E002D379A /* PythonManager.m */,
				D55BCBAA2922132E002D379A /* KivyDemo-Bridging-Header.h */,
				D55BD65029223F30002D379A /* test.py */,
				D55BB4BB2922035D002D379A /* Preview Content */,
			);
			path = KivyDemo;
			sourceTree = "<group>";
		};
		D55BB4BB2922035D002D379A /* Preview Content */ = {
			isa = PBXGroup;
			children = (
				D55BB4BC2922035D002D379A /* Preview Assets.xcassets */,
			);
			path = "Preview Content";
			sourceTree = "<group>";
		};
		D55BB4C52922035D002D379A /* KivyDemoTests */ = {
			isa = PBXGroup;
			children = (
				D55BB4C62922035D002D379A /* KivyDemoTests.swift */,
			);
			path = KivyDemoTests;
			sourceTree = "<group>";
		};
		D55BB4CF2922035D002D379A /* KivyDemoUITests */ = {
			isa = PBXGroup;
			children = (
				D55BB4D02922035D002D379A /* KivyDemoUITests.swift */,
				D55BB4D22922035D002D379A /* KivyDemoUITestsLaunchTests.swift */,
			);
			path = KivyDemoUITests;
			sourceTree = "<group>";
		};
		D55BBEC929220908002D379A /* Frameworks */ = {
			isa = PBXGroup;
			children = (
				D55BD165292222C9002D379A /* libbz2.tbd */,
				D55BD163292222AA002D379A /* libz.tbd */,
				D55BD14E292220E9002D379A /* libcrypto.a */,
				D55BD14B292220E8002D379A /* libffi.a */,
				D55BD149292220E8002D379A /* libios.a */,
				D55BD150292220E9002D379A /* libkivy.a */,
				D55BD151292220E9002D379A /* libpyobjus.a */,
				D55BD148292220E8002D379A /* libpython3.a */,
				D55BD14C292220E8002D379A /* libsdl2_image.a */,
				D55BD14F292220E9002D379A /* libsdl2_mixer.a */,
				D55BD152292220E9002D379A /* libsdl2_ttf.a */,
				D55BD14D292220E8002D379A /* libsdl2.a */,
				D55BD14A292220E8002D379A /* libssl.a */,
			);
			name = Frameworks;
			sourceTree = "<group>";
		};
/* End PBXGroup section */

/* Begin PBXNativeTarget section */
		D55BB4B12922035C002D379A /* KivyDemo */ = {
			isa = PBXNativeTarget;
			buildConfigurationList = D55BB4D62922035D002D379A /* Build configuration list for PBXNativeTarget "KivyDemo" */;
			buildPhases = (
				D55BB4AE2922035C002D379A /* Sources */,
				D55BB4AF2922035C002D379A /* Frameworks */,
				D55BB4B02922035C002D379A /* Resources */,
			);
			buildRules = (
			);
			dependencies = (
			);
			name = KivyDemo;
			productName = KivyDemo;
			productReference = D55BB4B22922035C002D379A /* KivyDemo.app */;
			productType = "com.apple.product-type.application";
		};
		D55BB4C12922035D002D379A /* KivyDemoTests */ = {
			isa = PBXNativeTarget;
			buildConfigurationList = D55BB4D92922035D002D379A /* Build configuration list for PBXNativeTarget "KivyDemoTests" */;
			buildPhases = (
				D55BB4BE2922035D002D379A /* Sources */,
				D55BB4BF2922035D002D379A /* Frameworks */,
				D55BB4C02922035D002D379A /* Resources */,
			);
			buildRules = (
			);
			dependencies = (
				D55BB4C42922035D002D379A /* PBXTargetDependency */,
			);
			name = KivyDemoTests;
			productName = KivyDemoTests;
			productReference = D55BB4C22922035D002D379A /* KivyDemoTests.xctest */;
			productType = "com.apple.product-type.bundle.unit-test";
		};
		D55BB4CB2922035D002D379A /* KivyDemoUITests */ = {
			isa = PBXNativeTarget;
			buildConfigurationList = D55BB4DC2922035D002D379A /* Build configuration list for PBXNativeTarget "KivyDemoUITests" */;
			buildPhases = (
				D55BB4C82922035D002D379A /* Sources */,
				D55BB4C92922035D002D379A /* Frameworks */,
				D55BB4CA2922035D002D379A /* Resources */,
			);
			buildRules = (
			);
			dependencies = (
				D55BB4CE2922035D002D379A /* PBXTargetDependency */,
			);
			name = KivyDemoUITests;
			productName = KivyDemoUITests;
			productReference = D55BB4CC2922035D002D379A /* KivyDemoUITests.xctest */;
			productType = "com.apple.product-type.bundle.ui-testing";
		};
/* End PBXNativeTarget section */

/* Begin PBXProject section */
		D55BB4AA2922035C002D379A /* Project object */ = {
			isa = PBXProject;
			attributes = {
				BuildIndependentTargetsInParallel = 1;
				LastSwiftUpdateCheck = 1400;
				LastUpgradeCheck = 1400;
				TargetAttributes = {
					D55BB4B12922035C002D379A = {
						CreatedOnToolsVersion = 14.0.1;
						LastSwiftMigration = 1400;
					};
					D55BB4C12922035D002D379A = {
						CreatedOnToolsVersion = 14.0.1;
						TestTargetID = D55BB4B12922035C002D379A;
					};
					D55BB4CB2922035D002D379A = {
						CreatedOnToolsVersion = 14.0.1;
						TestTargetID = D55BB4B12922035C002D379A;
					};
				};
			};
			buildConfigurationList = D55BB4AD2922035C002D379A /* Build configuration list for PBXProject "KivyDemo" */;
			compatibilityVersion = "Xcode 14.0";
			developmentRegion = en;
			hasScannedForEncodings = 0;
			knownRegions = (
				en,
				Base,
			);
			mainGroup = D55BB4A92922035C002D379A;
			productRefGroup = D55BB4B32922035C002D379A /* Products */;
			projectDirPath = "";
			projectRoot = "";
			targets = (
				D55BB4B12922035C002D379A /* KivyDemo */,
				D55BB4C12922035D002D379A /* KivyDemoTests */,
				D55BB4CB2922035D002D379A /* KivyDemoUITests */,
			);
		};
/* End PBXProject section */

/* Begin PBXResourcesBuildPhase section */
		D55BB4B02922035C002D379A /* Resources */ = {
			isa = PBXResourcesBuildPhase;
			buildActionMask = 2147483647;
			files = (
				D55BD65129223F30002D379A /* test.py in Resources */,
				D55BD64F29223E1D002D379A /* lib in Resources */,
				D55BD64D29223E11002D379A /* include in Resources */,
			);
			runOnlyForDeploymentPostprocessing = 0;
		};
		D55BB4C02922035D002D379A /* Resources */ = {
			isa = PBXResourcesBuildPhase;
			buildActionMask = 2147483647;
			files = (
			);
			runOnlyForDeploymentPostprocessing = 0;
		};
		D55BB4CA2922035D002D379A /* Resources */ = {
			isa = PBXResourcesBuildPhase;
			buildActionMask = 2147483647;
			files = (
			);
			runOnlyForDeploymentPostprocessing = 0;
		};
/* End PBXResourcesBuildPhase section */

/* Begin PBXSourcesBuildPhase section */
		D55BB4AE2922035C002D379A /* Sources */ = {
			isa = PBXSourcesBuildPhase;
			buildActionMask = 2147483647;
			files = (
				D55BCBAC2922132E002D379A /* PythonManager.m in Sources */,
				D55BB4B82922035C002D379A /* ContentView.swift in Sources */,
				D55BB4B62922035C002D379A /* KivyDemoApp.swift in Sources */,
			);
			runOnlyForDeploymentPostprocessing = 0;
		};
		D55BB4BE2922035D002D379A /* Sources */ = {
			isa = PBXSourcesBuildPhase;
			buildActionMask = 2147483647;
			files = (
				D55BB4C72922035D002D379A /* KivyDemoTests.swift in Sources */,
			);
			runOnlyForDeploymentPostprocessing = 0;
		};
		D55BB4C82922035D002D379A /* Sources */ = {
			isa = PBXSourcesBuildPhase;
			buildActionMask = 2147483647;
			files = (
				D55BB4D32922035D002D379A /* KivyDemoUITestsLaunchTests.swift in Sources */,
				D55BB4D12922035D002D379A /* KivyDemoUITests.swift in Sources */,
			);
			runOnlyForDeploymentPostprocessing = 0;
		};
/* End PBXSourcesBuildPhase section */

/* Begin PBXTargetDependency section */
		D55BB4C42922035D002D379A /* PBXTargetDependency */ = {
			isa = PBXTargetDependency;
			target = D55BB4B12922035C002D379A /* KivyDemo */;
			targetProxy = D55BB4C32922035D002D379A /* PBXContainerItemProxy */;
		};
		D55BB4CE2922035D002D379A /* PBXTargetDependency */ = {
			isa = PBXTargetDependency;
			target = D55BB4B12922035C002D379A /* KivyDemo */;
			targetProxy = D55BB4CD2922035D002D379A /* PBXContainerItemProxy */;
		};
/* End PBXTargetDependency section */

/* Begin XCBuildConfiguration section */
		D55BB4D42922035D002D379A /* Debug */ = {
			isa = XCBuildConfiguration;
			buildSettings = {
				ALWAYS_SEARCH_USER_PATHS = NO;
				CLANG_ANALYZER_NONNULL = YES;
				CLANG_ANALYZER_NUMBER_OBJECT_CONVERSION = YES_AGGRESSIVE;
				CLANG_CXX_LANGUAGE_STANDARD = "gnu++20";
				CLANG_ENABLE_MODULES = YES;
				CLANG_ENABLE_OBJC_ARC = YES;
				CLANG_ENABLE_OBJC_WEAK = YES;
				CLANG_WARN_BLOCK_CAPTURE_AUTORELEASING = YES;
				CLANG_WARN_BOOL_CONVERSION = YES;
				CLANG_WARN_COMMA = YES;
				CLANG_WARN_CONSTANT_CONVERSION = YES;
				CLANG_WARN_DEPRECATED_OBJC_IMPLEMENTATIONS = YES;
				CLANG_WARN_DIRECT_OBJC_ISA_USAGE = YES_ERROR;
				CLANG_WARN_DOCUMENTATION_COMMENTS = YES;
				CLANG_WARN_EMPTY_BODY = YES;
				CLANG_WARN_ENUM_CONVERSION = YES;
				CLANG_WARN_INFINITE_RECURSION = YES;
				CLANG_WARN_INT_CONVERSION = YES;
				CLANG_WARN_NON_LITERAL_NULL_CONVERSION = YES;
				CLANG_WARN_OBJC_IMPLICIT_RETAIN_SELF = YES;
				CLANG_WARN_OBJC_LITERAL_CONVERSION = YES;
				CLANG_WARN_OBJC_ROOT_CLASS = YES_ERROR;
				CLANG_WARN_QUOTED_INCLUDE_IN_FRAMEWORK_HEADER = YES;
				CLANG_WARN_RANGE_LOOP_ANALYSIS = YES;
				CLANG_WARN_STRICT_PROTOTYPES = YES;
				CLANG_WARN_SUSPICIOUS_MOVE = YES;
				CLANG_WARN_UNGUARDED_AVAILABILITY = YES_AGGRESSIVE;
				CLANG_WARN_UNREACHABLE_CODE = YES;
				CLANG_WARN__DUPLICATE_METHOD_MATCH = YES;
				COPY_PHASE_STRIP = NO;
				DEBUG_INFORMATION_FORMAT = dwarf;
				ENABLE_STRICT_OBJC_MSGSEND = YES;
				ENABLE_TESTABILITY = YES;
				GCC_C_LANGUAGE_STANDARD = gnu11;
				GCC_DYNAMIC_NO_PIC = NO;
				GCC_NO_COMMON_BLOCKS = YES;
				GCC_OPTIMIZATION_LEVEL = 0;
				GCC_PREPROCESSOR_DEFINITIONS = (
					"DEBUG=1",
					"$(inherited)",
				);
				GCC_WARN_64_TO_32_BIT_CONVERSION = YES;
				GCC_WARN_ABOUT_RETURN_TYPE = YES_ERROR;
				GCC_WARN_UNDECLARED_SELECTOR = YES;
				GCC_WARN_UNINITIALIZED_AUTOS = YES_AGGRESSIVE;
				GCC_WARN_UNUSED_FUNCTION = YES;
				GCC_WARN_UNUSED_VARIABLE = YES;
				IPHONEOS_DEPLOYMENT_TARGET = 16.0;
				MTL_ENABLE_DEBUG_INFO = INCLUDE_SOURCE;
				MTL_FAST_MATH = YES;
				ONLY_ACTIVE_ARCH = YES;
				SDKROOT = iphoneos;
				SWIFT_ACTIVE_COMPILATION_CONDITIONS = DEBUG;
				SWIFT_OPTIMIZATION_LEVEL = "-Onone";
			};
			name = Debug;
		};
		D55BB4D52922035D002D379A /* Release */ = {
			isa = XCBuildConfiguration;
			buildSettings = {
				ALWAYS_SEARCH_USER_PATHS = NO;
				CLANG_ANALYZER_NONNULL = YES;
				CLANG_ANALYZER_NUMBER_OBJECT_CONVERSION = YES_AGGRESSIVE;
				CLANG_CXX_LANGUAGE_STANDARD = "gnu++20";
				CLANG_ENABLE_MODULES = YES;
				CLANG_ENABLE_OBJC_ARC = YES;
				CLANG_ENABLE_OBJC_WEAK = YES;
				CLANG_WARN_BLOCK_CAPTURE_AUTORELEASING = YES;
				CLANG_WARN_BOOL_CONVERSION = YES;
				CLANG_WARN_COMMA = YES;
				CLANG_WARN_CONSTANT_CONVERSION = YES;
				CLANG_WARN_DEPRECATED_OBJC_IMPLEMENTATIONS = YES;
				CLANG_WARN_DIRECT_OBJC_ISA_USAGE = YES_ERROR;
				CLANG_WARN_DOCUMENTATION_COMMENTS = YES;
				CLANG_WARN_EMPTY_BODY = YES;
				CLANG_WARN_ENUM_CONVERSION = YES;
				CLANG_WARN_INFINITE_RECURSION = YES;
				CLANG_WARN_INT_CONVERSION = YES;
				CLANG_WARN_NON_LITERAL_NULL_CONVERSION = YES;
				CLANG_WARN_OBJC_IMPLICIT_RETAIN_SELF = YES;
				CLANG_WARN_OBJC_LITERAL_CONVERSION = YES;
				CLANG_WARN_OBJC_ROOT_CLASS = YES_ERROR;
				CLANG_WARN_QUOTED_INCLUDE_IN_FRAMEWORK_HEADER = YES;
				CLANG_WARN_RANGE_LOOP_ANALYSIS = YES;
				CLANG_WARN_STRICT_PROTOTYPES = YES;
				CLANG_WARN_SUSPICIOUS_MOVE = YES;
				CLANG_WARN_UNGUARDED_AVAILABILITY = YES_AGGRESSIVE;
				CLANG_WARN_UNREACHABLE_CODE = YES;
				CLANG_WARN__DUPLICATE_METHOD_MATCH = YES;
				COPY_PHASE_STRIP = NO;
				DEBUG_INFORMATION_FORMAT = "dwarf-with-dsym";
				ENABLE_NS_ASSERTIONS = NO;
				ENABLE_STRICT_OBJC_MSGSEND = YES;
				GCC_C_LANGUAGE_STANDARD = gnu11;
				GCC_NO_COMMON_BLOCKS = YES;
				GCC_WARN_64_TO_32_BIT_CONVERSION = YES;
				GCC_WARN_ABOUT_RETURN_TYPE = YES_ERROR;
				GCC_WARN_UNDECLARED_SELECTOR = YES;
				GCC_WARN_UNINITIALIZED_AUTOS = YES_AGGRESSIVE;
				GCC_WARN_UNUSED_FUNCTION = YES;
				GCC_WARN_UNUSED_VARIABLE = YES;
				IPHONEOS_DEPLOYMENT_TARGET = 16.0;
				MTL_ENABLE_DEBUG_INFO = NO;
				MTL_FAST_MATH = YES;
				SDKROOT = iphoneos;
				SWIFT_COMPILATION_MODE = wholemodule;
				SWIFT_OPTIMIZATION_LEVEL = "-O";
				VALIDATE_PRODUCT = YES;
			};
			name = Release;
		};
		D55BB4D72922035D002D379A /* Debug */ = {
			isa = XCBuildConfiguration;
			buildSettings = {
				ASSETCATALOG_COMPILER_APPICON_NAME = AppIcon;
				ASSETCATALOG_COMPILER_GLOBAL_ACCENT_COLOR_NAME = AccentColor;
				CLANG_ENABLE_MODULES = YES;
				CODE_SIGN_STYLE = Automatic;
				CURRENT_PROJECT_VERSION = 1;
				DEVELOPMENT_ASSET_PATHS = "\"KivyDemo/Preview Content\"";
				DEVELOPMENT_TEAM = 25RDR9DFWB;
				ENABLE_PREVIEWS = YES;
				"EXCLUDED_ARCHS[sdk=iphonesimulator*]" = arm64;
				GENERATE_INFOPLIST_FILE = YES;
				HEADER_SEARCH_PATHS = "$(SRCROOT)/dist/root/python3/include/python3.9/**";
				INFOPLIST_KEY_UIApplicationSceneManifest_Generation = YES;
				INFOPLIST_KEY_UIApplicationSupportsIndirectInputEvents = YES;
				INFOPLIST_KEY_UILaunchScreen_Generation = YES;
				INFOPLIST_KEY_UISupportedInterfaceOrientations_iPad = "UIInterfaceOrientationPortrait UIInterfaceOrientationPortraitUpsideDown UIInterfaceOrientationLandscapeLeft UIInterfaceOrientationLandscapeRight";
				INFOPLIST_KEY_UISupportedInterfaceOrientations_iPhone = "UIInterfaceOrientationPortrait UIInterfaceOrientationLandscapeLeft UIInterfaceOrientationLandscapeRight";
				LD_RUNPATH_SEARCH_PATHS = (
					"$(inherited)",
					"@executable_path/Frameworks",
				);
				LIBRARY_SEARCH_PATHS = (
					"$(inherited)",
					"$(PROJECT_DIR)",
					"$(PROJECT_DIR)/dist/lib",
				);
				MARKETING_VERSION = 1.0;
				PRODUCT_BUNDLE_IDENTIFIER = com.KivyDemo;
				PRODUCT_NAME = "$(TARGET_NAME)";
				SWIFT_EMIT_LOC_STRINGS = YES;
				SWIFT_OBJC_BRIDGING_HEADER = "KivyDemo/KivyDemo-Bridging-Header.h";
				SWIFT_OPTIMIZATION_LEVEL = "-Onone";
				SWIFT_VERSION = 5.0;
				TARGETED_DEVICE_FAMILY = "1,2";
			};
			name = Debug;
		};
		D55BB4D82922035D002D379A /* Release */ = {
			isa = XCBuildConfiguration;
			buildSettings = {
				ASSETCATALOG_COMPILER_APPICON_NAME = AppIcon;
				ASSETCATALOG_COMPILER_GLOBAL_ACCENT_COLOR_NAME = AccentColor;
				CLANG_ENABLE_MODULES = YES;
				CODE_SIGN_STYLE = Automatic;
				CURRENT_PROJECT_VERSION = 1;
				DEVELOPMENT_ASSET_PATHS = "\"KivyDemo/Preview Content\"";
				DEVELOPMENT_TEAM = 25RDR9DFWB;
				ENABLE_PREVIEWS = YES;
				GENERATE_INFOPLIST_FILE = YES;
				HEADER_SEARCH_PATHS = "$(SRCROOT)/dist/root/python3/include/python3.9/**";
				INFOPLIST_KEY_UIApplicationSceneManifest_Generation = YES;
				INFOPLIST_KEY_UIApplicationSupportsIndirectInputEvents = YES;
				INFOPLIST_KEY_UILaunchScreen_Generation = YES;
				INFOPLIST_KEY_UISupportedInterfaceOrientations_iPad = "UIInterfaceOrientationPortrait UIInterfaceOrientationPortraitUpsideDown UIInterfaceOrientationLandscapeLeft UIInterfaceOrientationLandscapeRight";
				INFOPLIST_KEY_UISupportedInterfaceOrientations_iPhone = "UIInterfaceOrientationPortrait UIInterfaceOrientationLandscapeLeft UIInterfaceOrientationLandscapeRight";
				LD_RUNPATH_SEARCH_PATHS = (
					"$(inherited)",
					"@executable_path/Frameworks",
				);
				LIBRARY_SEARCH_PATHS = (
					"$(inherited)",
					"$(PROJECT_DIR)",
					"$(PROJECT_DIR)/dist/lib",
				);
				MARKETING_VERSION = 1.0;
				PRODUCT_BUNDLE_IDENTIFIER = com.KivyDemo;
				PRODUCT_NAME = "$(TARGET_NAME)";
				SWIFT_EMIT_LOC_STRINGS = YES;
				SWIFT_OBJC_BRIDGING_HEADER = "KivyDemo/KivyDemo-Bridging-Header.h";
				SWIFT_VERSION = 5.0;
				TARGETED_DEVICE_FAMILY = "1,2";
			};
			name = Release;
		};
		D55BB4DA2922035D002D379A /* Debug */ = {
			isa = XCBuildConfiguration;
			buildSettings = {
				ALWAYS_EMBED_SWIFT_STANDARD_LIBRARIES = YES;
				BUNDLE_LOADER = "$(TEST_HOST)";
				CODE_SIGN_STYLE = Automatic;
				CURRENT_PROJECT_VERSION = 1;
				DEVELOPMENT_TEAM = 25RDR9DFWB;
				GENERATE_INFOPLIST_FILE = YES;
				IPHONEOS_DEPLOYMENT_TARGET = 16.0;
				MARKETING_VERSION = 1.0;
				PRODUCT_BUNDLE_IDENTIFIER = com.KivyDemoTests;
				PRODUCT_NAME = "$(TARGET_NAME)";
				SWIFT_EMIT_LOC_STRINGS = NO;
				SWIFT_VERSION = 5.0;
				TARGETED_DEVICE_FAMILY = "1,2";
				TEST_HOST = "$(BUILT_PRODUCTS_DIR)/KivyDemo.app/$(BUNDLE_EXECUTABLE_FOLDER_PATH)/KivyDemo";
			};
			name = Debug;
		};
		D55BB4DB2922035D002D379A /* Release */ = {
			isa = XCBuildConfiguration;
			buildSettings = {
				ALWAYS_EMBED_SWIFT_STANDARD_LIBRARIES = YES;
				BUNDLE_LOADER = "$(TEST_HOST)";
				CODE_SIGN_STYLE = Automatic;
				CURRENT_PROJECT_VERSION = 1;
				DEVELOPMENT_TEAM = 25RDR9DFWB;
				GENERATE_INFOPLIST_FILE = YES;
				IPHONEOS_DEPLOYMENT_TARGET = 16.0;
				MARKETING_VERSION = 1.0;
				PRODUCT_BUNDLE_IDENTIFIER = com.KivyDemoTests;
				PRODUCT_NAME = "$(TARGET_NAME)";
				SWIFT_EMIT_LOC_STRINGS = NO;
				SWIFT_VERSION = 5.0;
				TARGETED_DEVICE_FAMILY = "1,2";
				TEST_HOST = "$(BUILT_PRODUCTS_DIR)/KivyDemo.app/$(BUNDLE_EXECUTABLE_FOLDER_PATH)/KivyDemo";
			};
			name = Release;
		};
		D55BB4DD2922035D002D379A /* Debug */ = {
			isa = XCBuildConfiguration;
			buildSettings = {
				ALWAYS_EMBED_SWIFT_STANDARD_LIBRARIES = YES;
				CODE_SIGN_STYLE = Automatic;
				CURRENT_PROJECT_VERSION = 1;
				DEVELOPMENT_TEAM = 25RDR9DFWB;
				GENERATE_INFOPLIST_FILE = YES;
				MARKETING_VERSION = 1.0;
				PRODUCT_BUNDLE_IDENTIFIER = com.KivyDemoUITests;
				PRODUCT_NAME = "$(TARGET_NAME)";
				SWIFT_EMIT_LOC_STRINGS = NO;
				SWIFT_VERSION = 5.0;
				TARGETED_DEVICE_FAMILY = "1,2";
				TEST_TARGET_NAME = KivyDemo;
			};
			name = Debug;
		};
		D55BB4DE2922035D002D379A /* Release */ = {
			isa = XCBuildConfiguration;
			buildSettings = {
				ALWAYS_EMBED_SWIFT_STANDARD_LIBRARIES = YES;
				CODE_SIGN_STYLE = Automatic;
				CURRENT_PROJECT_VERSION = 1;
				DEVELOPMENT_TEAM = 25RDR9DFWB;
				GENERATE_INFOPLIST_FILE = YES;
				MARKETING_VERSION = 1.0;
				PRODUCT_BUNDLE_IDENTIFIER = com.KivyDemoUITests;
				PRODUCT_NAME = "$(TARGET_NAME)";
				SWIFT_EMIT_LOC_STRINGS = NO;
				SWIFT_VERSION = 5.0;
				TARGETED_DEVICE_FAMILY = "1,2";
				TEST_TARGET_NAME = KivyDemo;
			};
			name = Release;
		};
/* End XCBuildConfiguration section */

/* Begin XCConfigurationList section */
		D55BB4AD2922035C002D379A /* Build configuration list for PBXProject "KivyDemo" */ = {
			isa = XCConfigurationList;
			buildConfigurations = (
				D55BB4D42922035D002D379A /* Debug */,
				D55BB4D52922035D002D379A /* Release */,
			);
			defaultConfigurationIsVisible = 0;
			defaultConfigurationName = Release;
		};
		D55BB4D62922035D002D379A /* Build configuration list for PBXNativeTarget "KivyDemo" */ = {
			isa = XCConfigurationList;
			buildConfigurations = (
				D55BB4D72922035D002D379A /* Debug */,
				D55BB4D82922035D002D379A /* Release */,
			);
			defaultConfigurationIsVisible = 0;
			defaultConfigurationName = Release;
		};
		D55BB4D92922035D002D379A /* Build configuration list for PBXNativeTarget "KivyDemoTests" */ = {
			isa = XCConfigurationList;
			buildConfigurations = (
				D55BB4DA2922035D002D379A /* Debug */,
				D55BB4DB2922035D002D379A /* Release */,
			);
			defaultConfigurationIsVisible = 0;
			defaultConfigurationName = Release;
		};
		D55BB4DC2922035D002D379A /* Build configuration list for PBXNativeTarget "KivyDemoUITests" */ = {
			isa = XCConfigurationList;
			buildConfigurations = (
				D55BB4DD2922035D002D379A /* Debug */,
				D55BB4DE2922035D002D379A /* Release */,
			);
			defaultConfigurationIsVisible = 0;
			defaultConfigurationName = Release;
		};
/* End XCConfigurationList section */
	};
	rootObject = D55BB4AA2922035C002D379A /* Project object */;
}
